{
  "lockfileVersion": 1,
  "configVersion": 1,
  "workspaces": {
    "": {
      "name": "notist-editor-node-browser",
      "devDependencies": {
        "playwright-core": "1.55.1",
      },
    },
  },
  "packages": {
    "playwright-core": ["playwright-core@1.55.1", "", { "bin": { "playwright-core": "cli.js" } }, "sha512-Z6Mh9mkwX+zxSlHqdr5AOcJnfp+xUWLCt9uKV18fhzA8eyxUd8NUWzAjxUh55RZKSYwDGX0cfaySdhZJGMoJ+w=="],
  }
}
